<?xml version="1.0" encoding="utf-8"?>
<Project ToolsVersion="4.0" xmlns="http://schemas.microsoft.com/developer/msbuild/2003">
  <ItemGroup>
    <ClCompile Include="Render\ImGui\imgui.cpp" />
    <ClCompile Include="Render\ImGui\imgui_demo.cpp" />
    <ClCompile Include="Render\ImGui\imgui_draw.cpp" />
    <ClCompile Include="Render\ImGui\imgui_impl_dx11.cpp" />
    <ClCompile Include="Render\ImGui\imgui_impl_win32.cpp" />
    <ClCompile Include="Render\ImGui\imgui_tables.cpp" />
    <ClCompile Include="Render\ImGui\imgui_widgets.cpp" />
    <ClCompile Include="main.cpp" />
  </ItemGroup>
  <ItemGroup>
    <ClInclude Include="Render\ImGui\imconfig.h" />
    <ClInclude Include="Render\ImGui\imgui.h" />
    <ClInclude Include="Render\ImGui\imgui_impl_dx11.h" />
    <ClInclude Include="Render\ImGui\imgui_impl_win32.h" />
    <ClInclude Include="Render\ImGui\imgui_internal.h" />
    <ClInclude Include="Render\ImGui\imstb_rectpack.h" />
    <ClInclude Include="Render\ImGui\imstb_textedit.h" />
    <ClInclude Include="Render\ImGui\imstb_truetype.h" />
    <ClInclude Include="Render\render.h" />
    <ClInclude Include="global.h" />
    <ClInclude Include="Cheat\driver\kernel.h" />
    <ClInclude Include="Cheat\features\aimbot.h" />
    <ClInclude Include="Cheat\features\esp.h" />
    <ClInclude Include="Cheat\sdk\offset.hpp" />
    <ClInclude Include="Util\util.h" />
    <ClInclude Include="Util\settings.h" />
    <ClInclude Include="Cheat\sdk\sdk.h" />
    <ClInclude Include="Util\engine.h" />
    <ClInclude Include="Util\core.h" />
  </ItemGroup>
</Project>